
Microsoft Visual Studio Solution File, Format Version 12.00
# Visual Studio Version 17
VisualStudioVersion = 17.0.31903.59
MinimumVisualStudioVersion = 10.0.40219.1
Project("{2150E333-8FDC-42A3-9474-1A3956D46DE8}") = "src", "src", "{827E0CD3-B72D-47B6-A68D-7590B98EB39B}"
EndProject
Project("{FAE04EC0-301F-11D3-BF4B-00C04F79EFBC}") = "EJLive.Application", "src\EJLive.Application\EJLive.Application.csproj", "{E46366D9-27BB-4B75-994C-6F32F7A359F1}"
EndProject
Project("{FAE04EC0-301F-11D3-BF4B-00C04F79EFBC}") = "EJLive.Business", "src\EJLive.Business\EJLive.Business.csproj", "{496BBC54-CA71-4725-91EF-58279AEA5656}"
EndProject
Project("{FAE04EC0-301F-11D3-BF4B-00C04F79EFBC}") = "EJLive.Core", "src\EJLive.Core\EJLive.Core.csproj", "{AAD739A3-16F7-47F2-AAAB-5C9CAFA5D7CC}"
EndProject
Project("{FAE04EC0-301F-11D3-BF4B-00C04F79EFBC}") = "EJLive.Shared", "src\EJLive.Shared\EJLive.Shared.csproj", "{52B74F54-3A79-41C4-A429-8F4C210DADA8}"
EndProject
Project("{FAE04EC0-301F-11D3-BF4B-00C04F79EFBC}") = "EJLive.Client.WinForms", "src\EJLive.Client.WinForms\EJLive.Client.WinForms.csproj", "{846B1488-67E9-4557-8C2D-BF256889C343}"
EndProject
Project("{FAE04EC0-301F-11D3-BF4B-00C04F79EFBC}") = "EJLive.Client.Service", "src\EJLive.Client.Service\EJLive.Client.Service.csproj", "{277BBB60-CC87-4FBB-AE22-7C146CFD53BD}"
EndProject
Project("{FAE04EC0-301F-11D3-BF4B-00C04F79EFBC}") = "EJLive.Installer.WinForms", "src\EJLive.Installer.WinForms\EJLive.Installer.WinForms.csproj", "{0954DAF9-8326-4567-9865-EA7C72578C9E}"
EndProject
Project("{FAE04EC0-301F-11D3-BF4B-00C04F79EFBC}") = "EJLive.Server", "src\EJLive.Server\EJLive.Server.csproj", "{7C3712EC-3029-4C4A-A2F1-4F45B0A5B91A}"
EndProject
Project("{FAE04EC0-301F-11D3-BF4B-00C04F79EFBC}") = "EJLive.Server.WinForms", "src\EJLive.Server.WinForms\EJLive.Server.WinForms.csproj", "{0E8FF314-2BEC-49D1-8117-ADEDD5CBEABF}"
EndProject
Project("{FAE04EC0-301F-11D3-BF4B-00C04F79EFBC}") = "EJLive.Monitoring.WinForms", "src\EJLive.Monitoring.WinForms\EJLive.Monitoring.WinForms.csproj", "{69A8E54C-9AA6-4ED0-BF3C-E5CC903FF1CE}"
EndProject
Project("{FAE04EC0-301F-11D3-BF4B-00C04F79EFBC}") = "EJLive.Tests", "src\EJLive.Tests\EJLive.Tests.csproj", "{FCD0EA65-7F5C-4908-A40E-59E60EA5F515}"
EndProject
Project("{FAE04EC0-301F-11D3-BF4B-00C04F79EFBC}") = "EJLive.Verification", "src\EJLive.Verification\EJLive.Verification.csproj", "{24A68A39-6EB6-41DB-BC37-9F75E2FAE983}"
EndProject
Project("{FAE04EC0-301F-11D3-BF4B-00C04F79EFBC}") = "EJLive.UnifiedLauncher", "src\EJLive.UnifiedLauncher\EJLive.UnifiedLauncher.csproj", "{FF001122-3344-5566-7788-99AABBCCDDEE}"
EndProject
Global
	GlobalSection(SolutionConfigurationPlatforms) = preSolution
		Debug|Any CPU = Debug|Any CPU
		Debug|x64 = Debug|x64
		Debug|x86 = Debug|x86
		Release|Any CPU = Release|Any CPU
		Release|x64 = Release|x64
		Release|x86 = Release|x86
	EndGlobalSection
	GlobalSection(ProjectConfigurationPlatforms) = postSolution
		{E46366D9-27BB-4B75-994C-6F32F7A359F1}.Debug|Any CPU.ActiveCfg = Debug|Any CPU
		{E46366D9-27BB-4B75-994C-6F32F7A359F1}.Debug|Any CPU.Build.0 = Debug|Any CPU
		{E46366D9-27BB-4B75-994C-6F32F7A359F1}.Debug|x64.ActiveCfg = Debug|x64
		{E46366D9-27BB-4B75-994C-6F32F7A359F1}.Debug|x64.Build.0 = Debug|x64
		{E46366D9-27BB-4B75-994C-6F32F7A359F1}.Debug|x86.ActiveCfg = Debug|x86
		{E46366D9-27BB-4B75-994C-6F32F7A359F1}.Debug|x86.Build.0 = Debug|x86
		{E46366D9-27BB-4B75-994C-6F32F7A359F1}.Release|Any CPU.ActiveCfg = Release|Any CPU
		{E46366D9-27BB-4B75-994C-6F32F7A359F1}.Release|Any CPU.Build.0 = Release|Any CPU
		{E46366D9-27BB-4B75-994C-6F32F7A359F1}.Release|x64.ActiveCfg = Release|x64
		{E46366D9-27BB-4B75-994C-6F32F7A359F1}.Release|x64.Build.0 = Release|x64
		{E46366D9-27BB-4B75-994C-6F32F7A359F1}.Release|x86.ActiveCfg = Release|x86
		{E46366D9-27BB-4B75-994C-6F32F7A359F1}.Release|x86.Build.0 = Release|x86
		{496BBC54-CA71-4725-91EF-58279AEA5656}.Debug|Any CPU.ActiveCfg = Debug|Any CPU
		{496BBC54-CA71-4725-91EF-58279AEA5656}.Debug|Any CPU.Build.0 = Debug|Any CPU
		{496BBC54-CA71-4725-91EF-58279AEA5656}.Debug|x64.ActiveCfg = Debug|x64
		{496BBC54-CA71-4725-91EF-58279AEA5656}.Debug|x64.Build.0 = Debug|x64
		{496BBC54-CA71-4725-91EF-58279AEA5656}.Debug|x86.ActiveCfg = Debug|x86
		{496BBC54-CA71-4725-91EF-58279AEA5656}.Debug|x86.Build.0 = Debug|x86
		{496BBC54-CA71-4725-91EF-58279AEA5656}.Release|Any CPU.ActiveCfg = Release|Any CPU
		{496BBC54-CA71-4725-91EF-58279AEA5656}.Release|Any CPU.Build.0 = Release|Any CPU
		{496BBC54-CA71-4725-91EF-58279AEA5656}.Release|x64.ActiveCfg = Release|x64
		{496BBC54-CA71-4725-91EF-58279AEA5656}.Release|x64.Build.0 = Release|x64
		{496BBC54-CA71-4725-91EF-58279AEA5656}.Release|x86.ActiveCfg = Release|x86
		{496BBC54-CA71-4725-91EF-58279AEA5656}.Release|x86.Build.0 = Release|x86
		{AAD739A3-16F7-47F2-AAAB-5C9CAFA5D7CC}.Debug|Any CPU.ActiveCfg = Debug|Any CPU
		{AAD739A3-16F7-47F2-AAAB-5C9CAFA5D7CC}.Debug|Any CPU.Build.0 = Debug|Any CPU
		{AAD739A3-16F7-47F2-AAAB-5C9CAFA5D7CC}.Debug|x64.ActiveCfg = Debug|x64
		{AAD739A3-16F7-47F2-AAAB-5C9CAFA5D7CC}.Debug|x64.Build.0 = Debug|x64
		{AAD739A3-16F7-47F2-AAAB-5C9CAFA5D7CC}.Debug|x86.ActiveCfg = Debug|x86
		{AAD739A3-16F7-47F2-AAAB-5C9CAFA5D7CC}.Debug|x86.Build.0 = Debug|x86
		{AAD739A3-16F7-47F2-AAAB-5C9CAFA5D7CC}.Release|Any CPU.ActiveCfg = Release|Any CPU
		{AAD739A3-16F7-47F2-AAAB-5C9CAFA5D7CC}.Release|Any CPU.Build.0 = Release|Any CPU
		{AAD739A3-16F7-47F2-AAAB-5C9CAFA5D7CC}.Release|x64.ActiveCfg = Release|x64
		{AAD739A3-16F7-47F2-AAAB-5C9CAFA5D7CC}.Release|x64.Build.0 = Release|x64
		{AAD739A3-16F7-47F2-AAAB-5C9CAFA5D7CC}.Release|x86.ActiveCfg = Release|x86
		{AAD739A3-16F7-47F2-AAAB-5C9CAFA5D7CC}.Release|x86.Build.0 = Release|x86
		{52B74F54-3A79-41C4-A429-8F4C210DADA8}.Debug|Any CPU.ActiveCfg = Debug|Any CPU
		{52B74F54-3A79-41C4-A429-8F4C210DADA8}.Debug|Any CPU.Build.0 = Debug|Any CPU
		{52B74F54-3A79-41C4-A429-8F4C210DADA8}.Debug|x64.ActiveCfg = Debug|x64
		{52B74F54-3A79-41C4-A429-8F4C210DADA8}.Debug|x64.Build.0 = Debug|x64
		{52B74F54-3A79-41C4-A429-8F4C210DADA8}.Debug|x86.ActiveCfg = Debug|x86
		{52B74F54-3A79-41C4-A429-8F4C210DADA8}.Debug|x86.Build.0 = Debug|x86
		{52B74F54-3A79-41C4-A429-8F4C210DADA8}.Release|Any CPU.ActiveCfg = Release|Any CPU
		{52B74F54-3A79-41C4-A429-8F4C210DADA8}.Release|Any CPU.Build.0 = Release|Any CPU
		{52B74F54-3A79-41C4-A429-8F4C210DADA8}.Release|x64.ActiveCfg = Release|x64
		{52B74F54-3A79-41C4-A429-8F4C210DADA8}.Release|x64.Build.0 = Release|x64
		{52B74F54-3A79-41C4-A429-8F4C210DADA8}.Release|x86.ActiveCfg = Release|x86
		{52B74F54-3A79-41C4-A429-8F4C210DADA8}.Release|x86.Build.0 = Release|x86
		{846B1488-67E9-4557-8C2D-BF256889C343}.Debug|Any CPU.ActiveCfg = Debug|Any CPU
		{846B1488-67E9-4557-8C2D-BF256889C343}.Debug|Any CPU.Build.0 = Debug|Any CPU
		{846B1488-67E9-4557-8C2D-BF256889C343}.Debug|x64.ActiveCfg = Debug|x64
		{846B1488-67E9-4557-8C2D-BF256889C343}.Debug|x64.Build.0 = Debug|x64
		{846B1488-67E9-4557-8C2D-BF256889C343}.Debug|x86.ActiveCfg = Debug|x86
		{846B1488-67E9-4557-8C2D-BF256889C343}.Debug|x86.Build.0 = Debug|x86
		{846B1488-67E9-4557-8C2D-BF256889C343}.Release|Any CPU.ActiveCfg = Release|Any CPU
		{846B1488-67E9-4557-8C2D-BF256889C343}.Release|Any CPU.Build.0 = Release|Any CPU
		{846B1488-67E9-4557-8C2D-BF256889C343}.Release|x64.ActiveCfg = Release|x64
		{846B1488-67E9-4557-8C2D-BF256889C343}.Release|x64.Build.0 = Release|x64
		{846B1488-67E9-4557-8C2D-BF256889C343}.Release|x86.ActiveCfg = Release|x86
		{846B1488-67E9-4557-8C2D-BF256889C343}.Release|x86.Build.0 = Release|x86
		{277BBB60-CC87-4FBB-AE22-7C146CFD53BD}.Debug|Any CPU.ActiveCfg = Debug|Any CPU
		{277BBB60-CC87-4FBB-AE22-7C146CFD53BD}.Debug|Any CPU.Build.0 = Debug|Any CPU
		{277BBB60-CC87-4FBB-AE22-7C146CFD53BD}.Debug|x64.ActiveCfg = Debug|x64
		{277BBB60-CC87-4FBB-AE22-7C146CFD53BD}.Debug|x64.Build.0 = Debug|x64
		{277BBB60-CC87-4FBB-AE22-7C146CFD53BD}.Debug|x86.ActiveCfg = Debug|x86
		{277BBB60-CC87-4FBB-AE22-7C146CFD53BD}.Debug|x86.Build.0 = Debug|x86
		{277BBB60-CC87-4FBB-AE22-7C146CFD53BD}.Release|Any CPU.ActiveCfg = Release|Any CPU
		{277BBB60-CC87-4FBB-AE22-7C146CFD53BD}.Release|Any CPU.Build.0 = Release|Any CPU
		{277BBB60-CC87-4FBB-AE22-7C146CFD53BD}.Release|x64.ActiveCfg = Release|x64
		{277BBB60-CC87-4FBB-AE22-7C146CFD53BD}.Release|x64.Build.0 = Release|x64
		{277BBB60-CC87-4FBB-AE22-7C146CFD53BD}.Release|x86.ActiveCfg = Release|x86
		{277BBB60-CC87-4FBB-AE22-7C146CFD53BD}.Release|x86.Build.0 = Release|x86
		{0954DAF9-8326-4567-9865-EA7C72578C9E}.Debug|Any CPU.ActiveCfg = Debug|Any CPU
		{0954DAF9-8326-4567-9865-EA7C72578C9E}.Debug|Any CPU.Build.0 = Debug|Any CPU
		{0954DAF9-8326-4567-9865-EA7C72578C9E}.Debug|x64.ActiveCfg = Debug|x64
		{0954DAF9-8326-4567-9865-EA7C72578C9E}.Debug|x64.Build.0 = Debug|x64
		{0954DAF9-8326-4567-9865-EA7C72578C9E}.Debug|x86.ActiveCfg = Debug|x86
		{0954DAF9-8326-4567-9865-EA7C72578C9E}.Debug|x86.Build.0 = Debug|x86
		{0954DAF9-8326-4567-9865-EA7C72578C9E}.Release|Any CPU.ActiveCfg = Release|Any CPU
		{0954DAF9-8326-4567-9865-EA7C72578C9E}.Release|Any CPU.Build.0 = Release|Any CPU
		{0954DAF9-8326-4567-9865-EA7C72578C9E}.Release|x64.ActiveCfg = Release|x64
		{0954DAF9-8326-4567-9865-EA7C72578C9E}.Release|x64.Build.0 = Release|x64
		{0954DAF9-8326-4567-9865-EA7C72578C9E}.Release|x86.ActiveCfg = Release|x86
		{0954DAF9-8326-4567-9865-EA7C72578C9E}.Release|x86.Build.0 = Release|x86
		{7C3712EC-3029-4C4A-A2F1-4F45B0A5B91A}.Debug|Any CPU.ActiveCfg = Debug|Any CPU
		{7C3712EC-3029-4C4A-A2F1-4F45B0A5B91A}.Debug|Any CPU.Build.0 = Debug|Any CPU
		{7C3712EC-3029-4C4A-A2F1-4F45B0A5B91A}.Debug|x64.ActiveCfg = Debug|x64
		{7C3712EC-3029-4C4A-A2F1-4F45B0A5B91A}.Debug|x64.Build.0 = Debug|x64
		{7C3712EC-3029-4C4A-A2F1-4F45B0A5B91A}.Debug|x86.ActiveCfg = Debug|x86
		{7C3712EC-3029-4C4A-A2F1-4F45B0A5B91A}.Debug|x86.Build.0 = Debug|x86
		{7C3712EC-3029-4C4A-A2F1-4F45B0A5B91A}.Release|Any CPU.ActiveCfg = Release|Any CPU
		{7C3712EC-3029-4C4A-A2F1-4F45B0A5B91A}.Release|Any CPU.Build.0 = Release|Any CPU
		{7C3712EC-3029-4C4A-A2F1-4F45B0A5B91A}.Release|x64.ActiveCfg = Release|x64
		{7C3712EC-3029-4C4A-A2F1-4F45B0A5B91A}.Release|x64.Build.0 = Release|x64
		{7C3712EC-3029-4C4A-A2F1-4F45B0A5B91A}.Release|x86.ActiveCfg = Release|x86
		{7C3712EC-3029-4C4A-A2F1-4F45B0A5B91A}.Release|x86.Build.0 = Release|x86
		{0E8FF314-2BEC-49D1-8117-ADEDD5CBEABF}.Debug|Any CPU.ActiveCfg = Debug|Any CPU
		{0E8FF314-2BEC-49D1-8117-ADEDD5CBEABF}.Debug|Any CPU.Build.0 = Debug|Any CPU
		{0E8FF314-2BEC-49D1-8117-ADEDD5CBEABF}.Debug|x64.ActiveCfg = Debug|x64
		{0E8FF314-2BEC-49D1-8117-ADEDD5CBEABF}.Debug|x64.Build.0 = Debug|x64
		{0E8FF314-2BEC-49D1-8117-ADEDD5CBEABF}.Debug|x86.ActiveCfg = Debug|x86
		{0E8FF314-2BEC-49D1-8117-ADEDD5CBEABF}.Debug|x86.Build.0 = Debug|x86
		{0E8FF314-2BEC-49D1-8117-ADEDD5CBEABF}.Release|Any CPU.ActiveCfg = Release|Any CPU
		{0E8FF314-2BEC-49D1-8117-ADEDD5CBEABF}.Release|Any CPU.Build.0 = Release|Any CPU
		{0E8FF314-2BEC-49D1-8117-ADEDD5CBEABF}.Release|x64.ActiveCfg = Release|x64
		{0E8FF314-2BEC-49D1-8117-ADEDD5CBEABF}.Release|x64.Build.0 = Release|x64
		{0E8FF314-2BEC-49D1-8117-ADEDD5CBEABF}.Release|x86.ActiveCfg = Release|x86
		{0E8FF314-2BEC-49D1-8117-ADEDD5CBEABF}.Release|x86.Build.0 = Release|x86
		{69A8E54C-9AA6-4ED0-BF3C-E5CC903FF1CE}.Debug|Any CPU.ActiveCfg = Debug|Any CPU
		{69A8E54C-9AA6-4ED0-BF3C-E5CC903FF1CE}.Debug|Any CPU.Build.0 = Debug|Any CPU
		{69A8E54C-9AA6-4ED0-BF3C-E5CC903FF1CE}.Debug|x64.ActiveCfg = Debug|x64
		{69A8E54C-9AA6-4ED0-BF3C-E5CC903FF1CE}.Debug|x64.Build.0 = Debug|x64
		{69A8E54C-9AA6-4ED0-BF3C-E5CC903FF1CE}.Debug|x86.ActiveCfg = Debug|x86
		{69A8E54C-9AA6-4ED0-BF3C-E5CC903FF1CE}.Debug|x86.Build.0 = Debug|x86
		{69A8E54C-9AA6-4ED0-BF3C-E5CC903FF1CE}.Release|Any CPU.ActiveCfg = Release|Any CPU
		{69A8E54C-9AA6-4ED0-BF3C-E5CC903FF1CE}.Release|Any CPU.Build.0 = Release|Any CPU
		{69A8E54C-9AA6-4ED0-BF3C-E5CC903FF1CE}.Release|x64.ActiveCfg = Release|x64
		{69A8E54C-9AA6-4ED0-BF3C-E5CC903FF1CE}.Release|x64.Build.0 = Release|x64
		{69A8E54C-9AA6-4ED0-BF3C-E5CC903FF1CE}.Release|x86.ActiveCfg = Release|x86
		{69A8E54C-9AA6-4ED0-BF3C-E5CC903FF1CE}.Release|x86.Build.0 = Release|x86
		{FCD0EA65-7F5C-4908-A40E-59E60EA5F515}.Debug|Any CPU.ActiveCfg = Debug|Any CPU
		{FCD0EA65-7F5C-4908-A40E-59E60EA5F515}.Debug|Any CPU.Build.0 = Debug|Any CPU
		{FCD0EA65-7F5C-4908-A40E-59E60EA5F515}.Debug|x64.ActiveCfg = Debug|x64
		{FCD0EA65-7F5C-4908-A40E-59E60EA5F515}.Debug|x64.Build.0 = Debug|x64
		{FCD0EA65-7F5C-4908-A40E-59E60EA5F515}.Debug|x86.ActiveCfg = Debug|x86
		{FCD0EA65-7F5C-4908-A40E-59E60EA5F515}.Debug|x86.Build.0 = Debug|x86
		{FCD0EA65-7F5C-4908-A40E-59E60EA5F515}.Release|Any CPU.ActiveCfg = Release|Any CPU
		{FCD0EA65-7F5C-4908-A40E-59E60EA5F515}.Release|Any CPU.Build.0 = Release|Any CPU
		{FCD0EA65-7F5C-4908-A40E-59E60EA5F515}.Release|x64.ActiveCfg = Release|x64
		{FCD0EA65-7F5C-4908-A40E-59E60EA5F515}.Release|x64.Build.0 = Release|x64
		{FCD0EA65-7F5C-4908-A40E-59E60EA5F515}.Release|x86.ActiveCfg = Release|x86
		{FCD0EA65-7F5C-4908-A40E-59E60EA5F515}.Release|x86.Build.0 = Release|x86
		{24A68A39-6EB6-41DB-BC37-9F75E2FAE983}.Debug|Any CPU.ActiveCfg = Debug|Any CPU
		{24A68A39-6EB6-41DB-BC37-9F75E2FAE983}.Debug|Any CPU.Build.0 = Debug|Any CPU
		{24A68A39-6EB6-41DB-BC37-9F75E2FAE983}.Debug|x64.ActiveCfg = Debug|x64
		{24A68A39-6EB6-41DB-BC37-9F75E2FAE983}.Debug|x64.Build.0 = Debug|x64
		{24A68A39-6EB6-41DB-BC37-9F75E2FAE983}.Debug|x86.ActiveCfg = Debug|x86
		{24A68A39-6EB6-41DB-BC37-9F75E2FAE983}.Debug|x86.Build.0 = Debug|x86
		{24A68A39-6EB6-41DB-BC37-9F75E2FAE983}.Release|Any CPU.ActiveCfg = Release|Any CPU
		{24A68A39-6EB6-41DB-BC37-9F75E2FAE983}.Release|Any CPU.Build.0 = Release|Any CPU
		{24A68A39-6EB6-41DB-BC37-9F75E2FAE983}.Release|x64.ActiveCfg = Release|x64
		{24A68A39-6EB6-41DB-BC37-9F75E2FAE983}.Release|x64.Build.0 = Release|x64
		{24A68A39-6EB6-41DB-BC37-9F75E2FAE983}.Release|x86.ActiveCfg = Release|x86
		{24A68A39-6EB6-41DB-BC37-9F75E2FAE983}.Release|x86.Build.0 = Release|x86
		{FF001122-3344-5566-7788-99AABBCCDDEE}.Debug|Any CPU.ActiveCfg = Debug|Any CPU
		{FF001122-3344-5566-7788-99AABBCCDDEE}.Debug|Any CPU.Build.0 = Debug|Any CPU
		{FF001122-3344-5566-7788-99AABBCCDDEE}.Debug|x64.ActiveCfg = Debug|x64
		{FF001122-3344-5566-7788-99AABBCCDDEE}.Debug|x64.Build.0 = Debug|x64
		{FF001122-3344-5566-7788-99AABBCCDDEE}.Debug|x86.ActiveCfg = Debug|x86
		{FF001122-3344-5566-7788-99AABBCCDDEE}.Debug|x86.Build.0 = Debug|x86
		{FF001122-3344-5566-7788-99AABBCCDDEE}.Release|Any CPU.ActiveCfg = Release|Any CPU
		{FF001122-3344-5566-7788-99AABBCCDDEE}.Release|Any CPU.Build.0 = Release|Any CPU
		{FF001122-3344-5566-7788-99AABBCCDDEE}.Release|x64.ActiveCfg = Release|x64
		{FF001122-3344-5566-7788-99AABBCCDDEE}.Release|x64.Build.0 = Release|x64
		{FF001122-3344-5566-7788-99AABBCCDDEE}.Release|x86.ActiveCfg = Release|x86
		{FF001122-3344-5566-7788-99AABBCCDDEE}.Release|x86.Build.0 = Release|x86
	EndGlobalSection
	GlobalSection(SolutionProperties) = preSolution
		HideSolutionNode = FALSE
	EndGlobalSection
	GlobalSection(NestedProjects) = preSolution
		{E46366D9-27BB-4B75-994C-6F32F7A359F1} = {827E0CD3-B72D-47B6-A68D-7590B98EB39B}
		{496BBC54-CA71-4725-91EF-58279AEA5656} = {827E0CD3-B72D-47B6-A68D-7590B98EB39B}
		{AAD739A3-16F7-47F2-AAAB-5C9CAFA5D7CC} = {827E0CD3-B72D-47B6-A68D-7590B98EB39B}
		{52B74F54-3A79-41C4-A429-8F4C210DADA8} = {827E0CD3-B72D-47B6-A68D-7590B98EB39B}
		{846B1488-67E9-4557-8C2D-BF256889C343} = {827E0CD3-B72D-47B6-A68D-7590B98EB39B}
		{277BBB60-CC87-4FBB-AE22-7C146CFD53BD} = {827E0CD3-B72D-47B6-A68D-7590B98EB39B}
		{0954DAF9-8326-4567-9865-EA7C72578C9E} = {827E0CD3-B72D-47B6-A68D-7590B98EB39B}
		{7C3712EC-3029-4C4A-A2F1-4F45B0A5B91A} = {827E0CD3-B72D-47B6-A68D-7590B98EB39B}
		{0E8FF314-2BEC-49D1-8117-ADEDD5CBEABF} = {827E0CD3-B72D-47B6-A68D-7590B98EB39B}
		{69A8E54C-9AA6-4ED0-BF3C-E5CC903FF1CE} = {827E0CD3-B72D-47B6-A68D-7590B98EB39B}
		{FCD0EA65-7F5C-4908-A40E-59E60EA5F515} = {827E0CD3-B72D-47B6-A68D-7590B98EB39B}
		{24A68A39-6EB6-41DB-BC37-9F75E2FAE983} = {827E0CD3-B72D-47B6-A68D-7590B98EB39B}
		{FF001122-3344-5566-7788-99AABBCCDDEE} = {827E0CD3-B72D-47B6-A68D-7590B98EB39B}
	EndGlobalSection
EndGlobal
