Microsoft Visual Studio Solution File, Format Version 12.00
# Visual Studio Version 17
VisualStudioVersion = 17.10.35004.147
MinimumVisualStudioVersion = 10.0.40219.1

Project("{FAE04EC0-301F-11D3-BF4B-00C04F79EFBC}") = "EJLive.Application", "src\EJLive.Application\EJLive.Application.csproj", "{AA1968D2-DFF3-ABB8-8DF4-0FB38C7DC85D}"
EndProject
Project("{FAE04EC0-301F-11D3-BF4B-00C04F79EFBC}") = "EJLive.Business", "src\EJLive.Business\EJLive.Business.csproj", "{42A16395-190A-D8D0-4F41-FB5A658B5FB6}"
EndProject
Project("{FAE04EC0-301F-11D3-BF4B-00C04F79EFBC}") = "EJLive.Client.Service", "src\EJLive.Client.Service\EJLive.Client.Service.csproj", "{0D0DE8EC-43DE-66B3-AFBC-12EF49842073}"
EndProject
Project("{FAE04EC0-301F-11D3-BF4B-00C04F79EFBC}") = "EJLive.Client.WinForms", "src\EJLive.Client.WinForms\EJLive.Client.WinForms.csproj", "{99274EBF-F1AD-52F4-1330-CAB23854233C}"
EndProject
Project("{FAE04EC0-301F-11D3-BF4B-00C04F79EFBC}") = "EJLive.Core", "src\EJLive.Core\EJLive.Core.csproj", "{5CA916B7-6528-42E2-2BE8-0CD7F57345A6}"
EndProject
Project("{FAE04EC0-301F-11D3-BF4B-00C04F79EFBC}") = "EJLive.Installer.WinForms", "src\EJLive.Installer.WinForms\EJLive.Installer.WinForms.csproj", "{0F2A695B-7069-20A3-626A-E1F10D21EF57}"
EndProject
Project("{FAE04EC0-301F-11D3-BF4B-00C04F79EFBC}") = "EJLive.LegacyReference", "src\EJLive.LegacyReference\EJLive.LegacyReference.csproj", "{5EDB3E8B-C6D4-CD19-CECC-A3D6F6DE6B97}"
EndProject
Project("{FAE04EC0-301F-11D3-BF4B-00C04F79EFBC}") = "EJLive.Monitoring.WinForms", "src\EJLive.Monitoring.WinForms\EJLive.Monitoring.WinForms.csproj", "{A093FA6F-708E-6087-D12D-74C4A5EB559C}"
EndProject
Project("{FAE04EC0-301F-11D3-BF4B-00C04F79EFBC}") = "EJLive.Server", "src\EJLive.Server\EJLive.Server.csproj", "{8B37C6E2-6FF5-22A3-AA64-6FE3C276B36C}"
EndProject
Project("{FAE04EC0-301F-11D3-BF4B-00C04F79EFBC}") = "EJLive.Server.WinForms", "src\EJLive.Server.WinForms\EJLive.Server.WinForms.csproj", "{0319C009-DC48-8F29-3F75-82021C862128}"
EndProject
Project("{FAE04EC0-301F-11D3-BF4B-00C04F79EFBC}") = "EJLive.Shared", "src\EJLive.Shared\EJLive.Shared.csproj", "{D84C8BED-79D1-F061-607D-41AE919D2294}"
EndProject
Project("{FAE04EC0-301F-11D3-BF4B-00C04F79EFBC}") = "EJLive.Tests", "src\EJLive.Tests\EJLive.Tests.csproj", "{1A81AB7A-C76E-8D95-46F8-7F4456169B9E}"
EndProject
Project("{FAE04EC0-301F-11D3-BF4B-00C04F79EFBC}") = "EJLive.UnifiedLauncher", "src\EJLive.UnifiedLauncher\EJLive.UnifiedLauncher.csproj", "{084E2417-47AF-03F8-91A2-1DB0A0232EF8}"
EndProject
Project("{FAE04EC0-301F-11D3-BF4B-00C04F79EFBC}") = "EJLive.Verification", "src\EJLive.Verification\EJLive.Verification.csproj", "{9A7B1A1A-D748-250E-BCFE-A3E5A13B3C84}"
EndProject

Project("{2150E333-8FDC-42A3-9474-1A3956D46DE8}") = "src", "src", "{4F483C95-AE18-B525-1075-10CDB0EC03E3}"
EndProject

Global
	GlobalSection(SolutionConfigurationPlatforms) = preSolution
		Debug|Any CPU = Debug|Any CPU
		Debug|x64 = Debug|x64
		Release|Any CPU = Release|Any CPU
		Release|x64 = Release|x64
	EndGlobalSection
	GlobalSection(ProjectConfigurationPlatforms) = postSolution
		{AA1968D2-DFF3-ABB8-8DF4-0FB38C7DC85D}.Debug|Any CPU.ActiveCfg = Debug|Any CPU
		{AA1968D2-DFF3-ABB8-8DF4-0FB38C7DC85D}.Debug|Any CPU.Build.0 = Debug|Any CPU
		{AA1968D2-DFF3-ABB8-8DF4-0FB38C7DC85D}.Debug|x64.ActiveCfg = Debug|x64
		{AA1968D2-DFF3-ABB8-8DF4-0FB38C7DC85D}.Debug|x64.Build.0 = Debug|x64
		{AA1968D2-DFF3-ABB8-8DF4-0FB38C7DC85D}.Release|Any CPU.ActiveCfg = Release|Any CPU
		{AA1968D2-DFF3-ABB8-8DF4-0FB38C7DC85D}.Release|Any CPU.Build.0 = Release|Any CPU
		{AA1968D2-DFF3-ABB8-8DF4-0FB38C7DC85D}.Release|x64.ActiveCfg = Release|x64
		{AA1968D2-DFF3-ABB8-8DF4-0FB38C7DC85D}.Release|x64.Build.0 = Release|x64
		{42A16395-190A-D8D0-4F41-FB5A658B5FB6}.Debug|Any CPU.ActiveCfg = Debug|Any CPU
		{42A16395-190A-D8D0-4F41-FB5A658B5FB6}.Debug|Any CPU.Build.0 = Debug|Any CPU
		{42A16395-190A-D8D0-4F41-FB5A658B5FB6}.Debug|x64.ActiveCfg = Debug|x64
		{42A16395-190A-D8D0-4F41-FB5A658B5FB6}.Debug|x64.Build.0 = Debug|x64
		{42A16395-190A-D8D0-4F41-FB5A658B5FB6}.Release|Any CPU.ActiveCfg = Release|Any CPU
		{42A16395-190A-D8D0-4F41-FB5A658B5FB6}.Release|Any CPU.Build.0 = Release|Any CPU
		{42A16395-190A-D8D0-4F41-FB5A658B5FB6}.Release|x64.ActiveCfg = Release|x64
		{42A16395-190A-D8D0-4F41-FB5A658B5FB6}.Release|x64.Build.0 = Release|x64
		{0D0DE8EC-43DE-66B3-AFBC-12EF49842073}.Debug|Any CPU.ActiveCfg = Debug|Any CPU
		{0D0DE8EC-43DE-66B3-AFBC-12EF49842073}.Debug|Any CPU.Build.0 = Debug|Any CPU
		{0D0DE8EC-43DE-66B3-AFBC-12EF49842073}.Debug|x64.ActiveCfg = Debug|x64
		{0D0DE8EC-43DE-66B3-AFBC-12EF49842073}.Debug|x64.Build.0 = Debug|x64
		{0D0DE8EC-43DE-66B3-AFBC-12EF49842073}.Release|Any CPU.ActiveCfg = Release|Any CPU
		{0D0DE8EC-43DE-66B3-AFBC-12EF49842073}.Release|Any CPU.Build.0 = Release|Any CPU
		{0D0DE8EC-43DE-66B3-AFBC-12EF49842073}.Release|x64.ActiveCfg = Release|x64
		{0D0DE8EC-43DE-66B3-AFBC-12EF49842073}.Release|x64.Build.0 = Release|x64
		{99274EBF-F1AD-52F4-1330-CAB23854233C}.Debug|Any CPU.ActiveCfg = Debug|Any CPU
		{99274EBF-F1AD-52F4-1330-CAB23854233C}.Debug|Any CPU.Build.0 = Debug|Any CPU
		{99274EBF-F1AD-52F4-1330-CAB23854233C}.Debug|x64.ActiveCfg = Debug|x64
		{99274EBF-F1AD-52F4-1330-CAB23854233C}.Debug|x64.Build.0 = Debug|x64
		{99274EBF-F1AD-52F4-1330-CAB23854233C}.Release|Any CPU.ActiveCfg = Release|Any CPU
		{99274EBF-F1AD-52F4-1330-CAB23854233C}.Release|Any CPU.Build.0 = Release|Any CPU
		{99274EBF-F1AD-52F4-1330-CAB23854233C}.Release|x64.ActiveCfg = Release|x64
		{99274EBF-F1AD-52F4-1330-CAB23854233C}.Release|x64.Build.0 = Release|x64
		{5CA916B7-6528-42E2-2BE8-0CD7F57345A6}.Debug|Any CPU.ActiveCfg = Debug|Any CPU
		{5CA916B7-6528-42E2-2BE8-0CD7F57345A6}.Debug|Any CPU.Build.0 = Debug|Any CPU
		{5CA916B7-6528-42E2-2BE8-0CD7F57345A6}.Debug|x64.ActiveCfg = Debug|x64
		{5CA916B7-6528-42E2-2BE8-0CD7F57345A6}.Debug|x64.Build.0 = Debug|x64
		{5CA916B7-6528-42E2-2BE8-0CD7F57345A6}.Release|Any CPU.ActiveCfg = Release|Any CPU
		{5CA916B7-6528-42E2-2BE8-0CD7F57345A6}.Release|Any CPU.Build.0 = Release|Any CPU
		{5CA916B7-6528-42E2-2BE8-0CD7F57345A6}.Release|x64.ActiveCfg = Release|x64
		{5CA916B7-6528-42E2-2BE8-0CD7F57345A6}.Release|x64.Build.0 = Release|x64
		{0F2A695B-7069-20A3-626A-E1F10D21EF57}.Debug|Any CPU.ActiveCfg = Debug|Any CPU
		{0F2A695B-7069-20A3-626A-E1F10D21EF57}.Debug|Any CPU.Build.0 = Debug|Any CPU
		{0F2A695B-7069-20A3-626A-E1F10D21EF57}.Debug|x64.ActiveCfg = Debug|x64
		{0F2A695B-7069-20A3-626A-E1F10D21EF57}.Debug|x64.Build.0 = Debug|x64
		{0F2A695B-7069-20A3-626A-E1F10D21EF57}.Release|Any CPU.ActiveCfg = Release|Any CPU
		{0F2A695B-7069-20A3-626A-E1F10D21EF57}.Release|Any CPU.Build.0 = Release|Any CPU
		{0F2A695B-7069-20A3-626A-E1F10D21EF57}.Release|x64.ActiveCfg = Release|x64
		{0F2A695B-7069-20A3-626A-E1F10D21EF57}.Release|x64.Build.0 = Release|x64
		{5EDB3E8B-C6D4-CD19-CECC-A3D6F6DE6B97}.Debug|Any CPU.ActiveCfg = Debug|Any CPU
		{5EDB3E8B-C6D4-CD19-CECC-A3D6F6DE6B97}.Debug|Any CPU.Build.0 = Debug|Any CPU
		{5EDB3E8B-C6D4-CD19-CECC-A3D6F6DE6B97}.Debug|x64.ActiveCfg = Debug|x64
		{5EDB3E8B-C6D4-CD19-CECC-A3D6F6DE6B97}.Debug|x64.Build.0 = Debug|x64
		{5EDB3E8B-C6D4-CD19-CECC-A3D6F6DE6B97}.Release|Any CPU.ActiveCfg = Release|Any CPU
		{5EDB3E8B-C6D4-CD19-CECC-A3D6F6DE6B97}.Release|Any CPU.Build.0 = Release|Any CPU
		{5EDB3E8B-C6D4-CD19-CECC-A3D6F6DE6B97}.Release|x64.ActiveCfg = Release|x64
		{5EDB3E8B-C6D4-CD19-CECC-A3D6F6DE6B97}.Release|x64.Build.0 = Release|x64
		{A093FA6F-708E-6087-D12D-74C4A5EB559C}.Debug|Any CPU.ActiveCfg = Debug|Any CPU
		{A093FA6F-708E-6087-D12D-74C4A5EB559C}.Debug|Any CPU.Build.0 = Debug|Any CPU
		{A093FA6F-708E-6087-D12D-74C4A5EB559C}.Debug|x64.ActiveCfg = Debug|x64
		{A093FA6F-708E-6087-D12D-74C4A5EB559C}.Debug|x64.Build.0 = Debug|x64
		{A093FA6F-708E-6087-D12D-74C4A5EB559C}.Release|Any CPU.ActiveCfg = Release|Any CPU
		{A093FA6F-708E-6087-D12D-74C4A5EB559C}.Release|Any CPU.Build.0 = Release|Any CPU
		{A093FA6F-708E-6087-D12D-74C4A5EB559C}.Release|x64.ActiveCfg = Release|x64
		{A093FA6F-708E-6087-D12D-74C4A5EB559C}.Release|x64.Build.0 = Release|x64
		{8B37C6E2-6FF5-22A3-AA64-6FE3C276B36C}.Debug|Any CPU.ActiveCfg = Debug|Any CPU
		{8B37C6E2-6FF5-22A3-AA64-6FE3C276B36C}.Debug|Any CPU.Build.0 = Debug|Any CPU
		{8B37C6E2-6FF5-22A3-AA64-6FE3C276B36C}.Debug|x64.ActiveCfg = Debug|x64
		{8B37C6E2-6FF5-22A3-AA64-6FE3C276B36C}.Debug|x64.Build.0 = Debug|x64
		{8B37C6E2-6FF5-22A3-AA64-6FE3C276B36C}.Release|Any CPU.ActiveCfg = Release|Any CPU
		{8B37C6E2-6FF5-22A3-AA64-6FE3C276B36C}.Release|Any CPU.Build.0 = Release|Any CPU
		{8B37C6E2-6FF5-22A3-AA64-6FE3C276B36C}.Release|x64.ActiveCfg = Release|x64
		{8B37C6E2-6FF5-22A3-AA64-6FE3C276B36C}.Release|x64.Build.0 = Release|x64
		{0319C009-DC48-8F29-3F75-82021C862128}.Debug|Any CPU.ActiveCfg = Debug|Any CPU
		{0319C009-DC48-8F29-3F75-82021C862128}.Debug|Any CPU.Build.0 = Debug|Any CPU
		{0319C009-DC48-8F29-3F75-82021C862128}.Debug|x64.ActiveCfg = Debug|x64
		{0319C009-DC48-8F29-3F75-82021C862128}.Debug|x64.Build.0 = Debug|x64
		{0319C009-DC48-8F29-3F75-82021C862128}.Release|Any CPU.ActiveCfg = Release|Any CPU
		{0319C009-DC48-8F29-3F75-82021C862128}.Release|Any CPU.Build.0 = Release|Any CPU
		{0319C009-DC48-8F29-3F75-82021C862128}.Release|x64.ActiveCfg = Release|x64
		{0319C009-DC48-8F29-3F75-82021C862128}.Release|x64.Build.0 = Release|x64
		{D84C8BED-79D1-F061-607D-41AE919D2294}.Debug|Any CPU.ActiveCfg = Debug|Any CPU
		{D84C8BED-79D1-F061-607D-41AE919D2294}.Debug|Any CPU.Build.0 = Debug|Any CPU
		{D84C8BED-79D1-F061-607D-41AE919D2294}.Debug|x64.ActiveCfg = Debug|x64
		{D84C8BED-79D1-F061-607D-41AE919D2294}.Debug|x64.Build.0 = Debug|x64
		{D84C8BED-79D1-F061-607D-41AE919D2294}.Release|Any CPU.ActiveCfg = Release|Any CPU
		{D84C8BED-79D1-F061-607D-41AE919D2294}.Release|Any CPU.Build.0 = Release|Any CPU
		{D84C8BED-79D1-F061-607D-41AE919D2294}.Release|x64.ActiveCfg = Release|x64
		{D84C8BED-79D1-F061-607D-41AE919D2294}.Release|x64.Build.0 = Release|x64
		{1A81AB7A-C76E-8D95-46F8-7F4456169B9E}.Debug|Any CPU.ActiveCfg = Debug|Any CPU
		{1A81AB7A-C76E-8D95-46F8-7F4456169B9E}.Debug|Any CPU.Build.0 = Debug|Any CPU
		{1A81AB7A-C76E-8D95-46F8-7F4456169B9E}.Debug|x64.ActiveCfg = Debug|x64
		{1A81AB7A-C76E-8D95-46F8-7F4456169B9E}.Debug|x64.Build.0 = Debug|x64
		{1A81AB7A-C76E-8D95-46F8-7F4456169B9E}.Release|Any CPU.ActiveCfg = Release|Any CPU
		{1A81AB7A-C76E-8D95-46F8-7F4456169B9E}.Release|Any CPU.Build.0 = Release|Any CPU
		{1A81AB7A-C76E-8D95-46F8-7F4456169B9E}.Release|x64.ActiveCfg = Release|x64
		{1A81AB7A-C76E-8D95-46F8-7F4456169B9E}.Release|x64.Build.0 = Release|x64
		{084E2417-47AF-03F8-91A2-1DB0A0232EF8}.Debug|Any CPU.ActiveCfg = Debug|Any CPU
		{084E2417-47AF-03F8-91A2-1DB0A0232EF8}.Debug|Any CPU.Build.0 = Debug|Any CPU
		{084E2417-47AF-03F8-91A2-1DB0A0232EF8}.Debug|x64.ActiveCfg = Debug|x64
		{084E2417-47AF-03F8-91A2-1DB0A0232EF8}.Debug|x64.Build.0 = Debug|x64
		{084E2417-47AF-03F8-91A2-1DB0A0232EF8}.Release|Any CPU.ActiveCfg = Release|Any CPU
		{084E2417-47AF-03F8-91A2-1DB0A0232EF8}.Release|Any CPU.Build.0 = Release|Any CPU
		{084E2417-47AF-03F8-91A2-1DB0A0232EF8}.Release|x64.ActiveCfg = Release|x64
		{084E2417-47AF-03F8-91A2-1DB0A0232EF8}.Release|x64.Build.0 = Release|x64
		{9A7B1A1A-D748-250E-BCFE-A3E5A13B3C84}.Debug|Any CPU.ActiveCfg = Debug|Any CPU
		{9A7B1A1A-D748-250E-BCFE-A3E5A13B3C84}.Debug|Any CPU.Build.0 = Debug|Any CPU
		{9A7B1A1A-D748-250E-BCFE-A3E5A13B3C84}.Debug|x64.ActiveCfg = Debug|x64
		{9A7B1A1A-D748-250E-BCFE-A3E5A13B3C84}.Debug|x64.Build.0 = Debug|x64
		{9A7B1A1A-D748-250E-BCFE-A3E5A13B3C84}.Release|Any CPU.ActiveCfg = Release|Any CPU
		{9A7B1A1A-D748-250E-BCFE-A3E5A13B3C84}.Release|Any CPU.Build.0 = Release|Any CPU
		{9A7B1A1A-D748-250E-BCFE-A3E5A13B3C84}.Release|x64.ActiveCfg = Release|x64
		{9A7B1A1A-D748-250E-BCFE-A3E5A13B3C84}.Release|x64.Build.0 = Release|x64
	EndGlobalSection
	GlobalSection(NestedProjects) = preSolution
		{AA1968D2-DFF3-ABB8-8DF4-0FB38C7DC85D} = {4F483C95-AE18-B525-1075-10CDB0EC03E3}
		{42A16395-190A-D8D0-4F41-FB5A658B5FB6} = {4F483C95-AE18-B525-1075-10CDB0EC03E3}
		{0D0DE8EC-43DE-66B3-AFBC-12EF49842073} = {4F483C95-AE18-B525-1075-10CDB0EC03E3}
		{99274EBF-F1AD-52F4-1330-CAB23854233C} = {4F483C95-AE18-B525-1075-10CDB0EC03E3}
		{5CA916B7-6528-42E2-2BE8-0CD7F57345A6} = {4F483C95-AE18-B525-1075-10CDB0EC03E3}
		{0F2A695B-7069-20A3-626A-E1F10D21EF57} = {4F483C95-AE18-B525-1075-10CDB0EC03E3}
		{5EDB3E8B-C6D4-CD19-CECC-A3D6F6DE6B97} = {4F483C95-AE18-B525-1075-10CDB0EC03E3}
		{A093FA6F-708E-6087-D12D-74C4A5EB559C} = {4F483C95-AE18-B525-1075-10CDB0EC03E3}
		{8B37C6E2-6FF5-22A3-AA64-6FE3C276B36C} = {4F483C95-AE18-B525-1075-10CDB0EC03E3}
		{0319C009-DC48-8F29-3F75-82021C862128} = {4F483C95-AE18-B525-1075-10CDB0EC03E3}
		{D84C8BED-79D1-F061-607D-41AE919D2294} = {4F483C95-AE18-B525-1075-10CDB0EC03E3}
		{1A81AB7A-C76E-8D95-46F8-7F4456169B9E} = {4F483C95-AE18-B525-1075-10CDB0EC03E3}
		{084E2417-47AF-03F8-91A2-1DB0A0232EF8} = {4F483C95-AE18-B525-1075-10CDB0EC03E3}
		{9A7B1A1A-D748-250E-BCFE-A3E5A13B3C84} = {4F483C95-AE18-B525-1075-10CDB0EC03E3}
	EndGlobalSection
	GlobalSection(ExtensibilityGlobals) = postSolution
		SolutionGuid = {24CBC6E1-EB7C-B60C-5EED-12F324154CDA}
	EndGlobalSection
EndGlobal
